
Microsoft Visual Studio Solution File, Format Version 12.00
# Visual Studio 14
VisualStudioVersion = 14.0.22823.1
MinimumVisualStudioVersion = 10.0.40219.1
Project("{9092AA53-FB77-4645-B42D-1CCCA6BD08BD}") = "gulp-nunjucks-api", "gulp-nunjucks-api.njsproj", "{D32DE6AC-7682-48D4-8116-9D411926B47A}"
EndProject
Global
	GlobalSection(SolutionConfigurationPlatforms) = preSolution
		Debug|Any CPU = Debug|Any CPU
		Release|Any CPU = Release|Any CPU
	EndGlobalSection
	GlobalSection(ProjectConfigurationPlatforms) = postSolution
		{D32DE6AC-7682-48D4-8116-9D411926B47A}.Debug|Any CPU.ActiveCfg = Debug|Any CPU
		{D32DE6AC-7682-48D4-8116-9D411926B47A}.Debug|Any CPU.Build.0 = Debug|Any CPU
		{D32DE6AC-7682-48D4-8116-9D411926B47A}.Release|Any CPU.ActiveCfg = Release|Any CPU
		{D32DE6AC-7682-48D4-8116-9D411926B47A}.Release|Any CPU.Build.0 = Release|Any CPU
	EndGlobalSection
	GlobalSection(SolutionProperties) = preSolution
		HideSolutionNode = FALSE
	EndGlobalSection
EndGlobal
